// !$*UTF8*$!
{
	archiveVersion = 1;
	classes = {
	};
	objectVersion = 46;
	objects = {

/* Begin PBXBuildFile section */
		19103D8D1CB122420076FBEE /* main.m in Sources */ = {isa = PBXBuildFile; fileRef = 19103D8C1CB122420076FBEE /* main.m */; };
		19103D901CB122420076FBEE /* AppDelegate.m in Sources */ = {isa = PBXBuildFile; fileRef = 19103D8F1CB122420076FBEE /* AppDelegate.m */; };
		19103D931CB122420076FBEE /* MasterViewController.m in Sources */ = {isa = PBXBuildFile; fileRef = 19103D921CB122420076FBEE /* MasterViewController.m */; };
		19103D961CB122420076FBEE /* DetailViewController.m in Sources */ = {isa = PBXBuildFile; fileRef = 19103D951CB122420076FBEE /* DetailViewController.m */; };
		19103D991CB122420076FBEE /* Main.storyboard in Resources */ = {isa = PBXBuildFile; fileRef = 19103D971CB122420076FBEE /* Main.storyboard */; };
		19103D9B1CB122420076FBEE /* Assets.xcassets in Resources */ = {isa = PBXBuildFile; fileRef = 19103D9A1CB122420076FBEE /* Assets.xcassets */; };
		19103D9E1CB122420076FBEE /* LaunchScreen.storyboard in Resources */ = {isa = PBXBuildFile; fileRef = 19103D9C1CB122420076FBEE /* LaunchScreen.storyboard */; };
		19103DC51CB123C10076FBEE /* NotificationCenter.framework in Frameworks */ = {isa = PBXBuildFile; fileRef = 19103DAB1CB123330076FBEE /* NotificationCenter.framework */; };
		19103DC91CB123C10076FBEE /* TodayViewController.m in Sources */ = {isa = PBXBuildFile; fileRef = 19103DC81CB123C10076FBEE /* TodayViewController.m */; };
		19103DCC1CB123C10076FBEE /* MainInterface.storyboard in Resources */ = {isa = PBXBuildFile; fileRef = 19103DCA1CB123C10076FBEE /* MainInterface.storyboard */; };
		19103DD01CB123C10076FBEE /* today.appex in Embed App Extensions */ = {isa = PBXBuildFile; fileRef = 19103DC41CB123C10076FBEE /* today.appex */; settings = {ATTRIBUTES = (RemoveHeadersOnCopy, ); }; };
/* End PBXBuildFile section */

/* Begin PBXContainerItemProxy section */
		19103DCE1CB123C10076FBEE /* PBXContainerItemProxy */ = {
			isa = PBXContainerItemProxy;
			containerPortal = 19103D801CB122420076FBEE /* Project object */;
			proxyType = 1;
			remoteGlobalIDString = 19103DC31CB123C10076FBEE;
			remoteInfo = today;
		};
/* End PBXContainerItemProxy section */

/* Begin PBXCopyFilesBuildPhase section */
		19103DBB1CB123330076FBEE /* Embed App Extensions */ = {
			isa = PBXCopyFilesBuildPhase;
			buildActionMask = 2147483647;
			dstPath = "";
			dstSubfolderSpec = 13;
			files = (
				19103DD01CB123C10076FBEE /* today.appex in Embed App Extensions */,
			);
			name = "Embed App Extensions";
			runOnlyForDeploymentPostprocessing = 0;
		};
/* End PBXCopyFilesBuildPhase section */

/* Begin PBXFileReference section */
		19103D881CB122420076FBEE /* animation.app */ = {isa = PBXFileReference; explicitFileType = wrapper.application; includeInIndex = 0; path = animation.app; sourceTree = BUILT_PRODUCTS_DIR; };
		19103D8C1CB122420076FBEE /* main.m */ = {isa = PBXFileReference; lastKnownFileType = sourcecode.c.objc; path = main.m; sourceTree = "<group>"; };
		19103D8E1CB122420076FBEE /* AppDelegate.h */ = {isa = PBXFileReference; lastKnownFileType = sourcecode.c.h; path = AppDelegate.h; sourceTree = "<group>"; };
		19103D8F1CB122420076FBEE /* AppDelegate.m */ = {isa = PBXFileReference; lastKnownFileType = sourcecode.c.objc; path = AppDelegate.m; sourceTree = "<group>"; };
		19103D911CB122420076FBEE /* MasterViewController.h */ = {isa = PBXFileReference; lastKnownFileType = sourcecode.c.h; path = MasterViewController.h; sourceTree = "<group>"; };
		19103D921CB122420076FBEE /* MasterViewController.m */ = {isa = PBXFileReference; lastKnownFileType = sourcecode.c.objc; path = MasterViewController.m; sourceTree = "<group>"; };
		19103D941CB122420076FBEE /* DetailViewController.h */ = {isa = PBXFileReference; lastKnownFileType = sourcecode.c.h; path = DetailViewController.h; sourceTree = "<group>"; };
		19103D951CB122420076FBEE /* DetailViewController.m */ = {isa = PBXFileReference; lastKnownFileType = sourcecode.c.objc; path = DetailViewController.m; sourceTree = "<group>"; };
		19103D981CB122420076FBEE /* Base */ = {isa = PBXFileReference; lastKnownFileType = file.storyboard; name = Base; path = Base.lproj/Main.storyboard; sourceTree = "<group>"; };
		19103D9A1CB122420076FBEE /* Assets.xcassets */ = {isa = PBXFileReference; lastKnownFileType = folder.assetcatalog; path = Assets.xcassets; sourceTree = "<group>"; };
		19103D9D1CB122420076FBEE /* Base */ = {isa = PBXFileReference; lastKnownFileType = file.storyboard; name = Base; path = Base.lproj/LaunchScreen.storyboard; sourceTree = "<group>"; };
		19103D9F1CB122420076FBEE /* Info.plist */ = {isa = PBXFileReference; lastKnownFileType = text.plist.xml; path = Info.plist; sourceTree = "<group>"; };
		19103DAB1CB123330076FBEE /* NotificationCenter.framework */ = {isa = PBXFileReference; lastKnownFileType = wrapper.framework; name = NotificationCenter.framework; path = System/Library/Frameworks/NotificationCenter.framework; sourceTree = SDKROOT; };
		19103DC41CB123C10076FBEE /* today.appex */ = {isa = PBXFileReference; explicitFileType = "wrapper.app-extension"; includeInIndex = 0; path = today.appex; sourceTree = BUILT_PRODUCTS_DIR; };
		19103DC71CB123C10076FBEE /* TodayViewController.h */ = {isa = PBXFileReference; lastKnownFileType = sourcecode.c.h; path = TodayViewController.h; sourceTree = "<group>"; };
		19103DC81CB123C10076FBEE /* TodayViewController.m */ = {isa = PBXFileReference; lastKnownFileType = sourcecode.c.objc; path = TodayViewController.m; sourceTree = "<group>"; };
		19103DCB1CB123C10076FBEE /* Base */ = {isa = PBXFileReference; lastKnownFileType = file.storyboard; name = Base; path = Base.lproj/MainInterface.storyboard; sourceTree = "<group>"; };
		19103DCD1CB123C10076FBEE /* Info.plist */ = {isa = PBXFileReference; lastKnownFileType = text.plist.xml; path = Info.plist; sourceTree = "<group>"; };
/* End PBXFileReference section */

/* Begin PBXFrameworksBuildPhase section */
		19103D851CB122420076FBEE /* Frameworks */ = {
			isa = PBXFrameworksBuildPhase;
			buildActionMask = 2147483647;
			files = (
			);
			runOnlyForDeploymentPostprocessing = 0;
		};
		19103DC11CB123C10076FBEE /* Frameworks */ = {
			isa = PBXFrameworksBuildPhase;
			buildActionMask = 2147483647;
			files = (
				19103DC51CB123C10076FBEE /* NotificationCenter.framework in Frameworks */,
			);
			runOnlyForDeploymentPostprocessing = 0;
		};
/* End PBXFrameworksBuildPhase section */

/* Begin PBXGroup section */
		19103D7F1CB122420076FBEE = {
			isa = PBXGroup;
			children = (
				19103D8A1CB122420076FBEE /* animation */,
				19103DC61CB123C10076FBEE /* today */,
				19103DAA1CB123330076FBEE /* Frameworks */,
				19103D891CB122420076FBEE /* Products */,
			);
			sourceTree = "<group>";
		};
		19103D891CB122420076FBEE /* Products */ = {
			isa = PBXGroup;
			children = (
				19103D881CB122420076FBEE /* animation.app */,
				19103DC41CB123C10076FBEE /* today.appex */,
			);
			name = Products;
			sourceTree = "<group>";
		};
		19103D8A1CB122420076FBEE /* animation */ = {
			isa = PBXGroup;
			children = (
				19103D8E1CB122420076FBEE /* AppDelegate.h */,
				19103D8F1CB122420076FBEE /* AppDelegate.m */,
				19103D911CB122420076FBEE /* MasterViewController.h */,
				19103D921CB122420076FBEE /* MasterViewController.m */,
				19103D941CB122420076FBEE /* DetailViewController.h */,
				19103D951CB122420076FBEE /* DetailViewController.m */,
				19103D971CB122420076FBEE /* Main.storyboard */,
				19103D9A1CB122420076FBEE /* Assets.xcassets */,
				19103D9C1CB122420076FBEE /* LaunchScreen.storyboard */,
				19103D9F1CB122420076FBEE /* Info.plist */,
				19103D8B1CB122420076FBEE /* Supporting Files */,
			);
			path = animation;
			sourceTree = "<group>";
		};
		19103D8B1CB122420076FBEE /* Supporting Files */ = {
			isa = PBXGroup;
			children = (
				19103D8C1CB122420076FBEE /* main.m */,
			);
			name = "Supporting Files";
			sourceTree = "<group>";
		};
		19103DAA1CB123330076FBEE /* Frameworks */ = {
			isa = PBXGroup;
			children = (
				19103DAB1CB123330076FBEE /* NotificationCenter.framework */,
			);
			name = Frameworks;
			sourceTree = "<group>";
		};
		19103DC61CB123C10076FBEE /* today */ = {
			isa = PBXGroup;
			children = (
				19103DC71CB123C10076FBEE /* TodayViewController.h */,
				19103DC81CB123C10076FBEE /* TodayViewController.m */,
				19103DCA1CB123C10076FBEE /* MainInterface.storyboard */,
				19103DCD1CB123C10076FBEE /* Info.plist */,
			);
			path = today;
			sourceTree = "<group>";
		};
/* End PBXGroup section */

/* Begin PBXNativeTarget section */
		19103D871CB122420076FBEE /* animation */ = {
			isa = PBXNativeTarget;
			buildConfigurationList = 19103DA21CB122420076FBEE /* Build configuration list for PBXNativeTarget "animation" */;
			buildPhases = (
				19103D841CB122420076FBEE /* Sources */,
				19103D851CB122420076FBEE /* Frameworks */,
				19103D861CB122420076FBEE /* Resources */,
				19103DBB1CB123330076FBEE /* Embed App Extensions */,
			);
			buildRules = (
			);
			dependencies = (
				19103DCF1CB123C10076FBEE /* PBXTargetDependency */,
			);
			name = animation;
			productName = animation;
			productReference = 19103D881CB122420076FBEE /* animation.app */;
			productType = "com.apple.product-type.application";
		};
		19103DC31CB123C10076FBEE /* today */ = {
			isa = PBXNativeTarget;
			buildConfigurationList = 19103DD11CB123C10076FBEE /* Build configuration list for PBXNativeTarget "today" */;
			buildPhases = (
				19103DC01CB123C10076FBEE /* Sources */,
				19103DC11CB123C10076FBEE /* Frameworks */,
				19103DC21CB123C10076FBEE /* Resources */,
			);
			buildRules = (
			);
			dependencies = (
			);
			name = today;
			productName = today;
			productReference = 19103DC41CB123C10076FBEE /* today.appex */;
			productType = "com.apple.product-type.app-extension";
		};
/* End PBXNativeTarget section */

/* Begin PBXProject section */
		19103D801CB122420076FBEE /* Project object */ = {
			isa = PBXProject;
			attributes = {
				LastUpgradeCheck = 0730;
				ORGANIZATIONNAME = test;
				TargetAttributes = {
					19103D871CB122420076FBEE = {
						CreatedOnToolsVersion = 7.3;
					};
					19103DC31CB123C10076FBEE = {
						CreatedOnToolsVersion = 7.3;
					};
				};
			};
			buildConfigurationList = 19103D831CB122420076FBEE /* Build configuration list for PBXProject "animation" */;
			compatibilityVersion = "Xcode 3.2";
			developmentRegion = English;
			hasScannedForEncodings = 0;
			knownRegions = (
				en,
				Base,
			);
			mainGroup = 19103D7F1CB122420076FBEE;
			productRefGroup = 19103D891CB122420076FBEE /* Products */;
			projectDirPath = "";
			projectRoot = "";
			targets = (
				19103D871CB122420076FBEE /* animation */,
				19103DC31CB123C10076FBEE /* today */,
			);
		};
/* End PBXProject section */

/* Begin PBXResourcesBuildPhase section */
		19103D861CB122420076FBEE /* Resources */ = {
			isa = PBXResourcesBuildPhase;
			buildActionMask = 2147483647;
			files = (
				19103D9E1CB122420076FBEE /* LaunchScreen.storyboard in Resources */,
				19103D9B1CB122420076FBEE /* Assets.xcassets in Resources */,
				19103D991CB122420076FBEE /* Main.storyboard in Resources */,
			);
			runOnlyForDeploymentPostprocessing = 0;
		};
		19103DC21CB123C10076FBEE /* Resources */ = {
			isa = PBXResourcesBuildPhase;
			buildActionMask = 2147483647;
			files = (
				19103DCC1CB123C10076FBEE /* MainInterface.storyboard in Resources */,
			);
			runOnlyForDeploymentPostprocessing = 0;
		};
/* End PBXResourcesBuildPhase section */

/* Begin PBXSourcesBuildPhase section */
		19103D841CB122420076FBEE /* Sources */ = {
			isa = PBXSourcesBuildPhase;
			buildActionMask = 2147483647;
			files = (
				19103D901CB122420076FBEE /* AppDelegate.m in Sources */,
				19103D931CB122420076FBEE /* MasterViewController.m in Sources */,
				19103D8D1CB122420076FBEE /* main.m in Sources */,
				19103D961CB122420076FBEE /* DetailViewController.m in Sources */,
			);
			runOnlyForDeploymentPostprocessing = 0;
		};
		19103DC01CB123C10076FBEE /* Sources */ = {
			isa = PBXSourcesBuildPhase;
			buildActionMask = 2147483647;
			files = (
				19103DC91CB123C10076FBEE /* TodayViewController.m in Sources */,
			);
			runOnlyForDeploymentPostprocessing = 0;
		};
/* End PBXSourcesBuildPhase section */

/* Begin PBXTargetDependency section */
		19103DCF1CB123C10076FBEE /* PBXTargetDependency */ = {
			isa = PBXTargetDependency;
			target = 19103DC31CB123C10076FBEE /* today */;
			targetProxy = 19103DCE1CB123C10076FBEE /* PBXContainerItemProxy */;
		};
/* End PBXTargetDependency section */

/* Begin PBXVariantGroup section */
		19103D971CB122420076FBEE /* Main.storyboard */ = {
			isa = PBXVariantGroup;
			children = (
				19103D981CB122420076FBEE /* Base */,
			);
			name = Main.storyboard;
			sourceTree = "<group>";
		};
		19103D9C1CB122420076FBEE /* LaunchScreen.storyboard */ = {
			isa = PBXVariantGroup;
			children = (
				19103D9D1CB122420076FBEE /* Base */,
			);
			name = LaunchScreen.storyboard;
			sourceTree = "<group>";
		};
		19103DCA1CB123C10076FBEE /* MainInterface.storyboard */ = {
			isa = PBXVariantGroup;
			children = (
				19103DCB1CB123C10076FBEE /* Base */,
			);
			name = MainInterface.storyboard;
			sourceTree = "<group>";
		};
/* End PBXVariantGroup section */

/* Begin XCBuildConfiguration section */
		19103DA01CB122420076FBEE /* Debug */ = {
			isa = XCBuildConfiguration;
			buildSettings = {
				ALWAYS_SEARCH_USER_PATHS = NO;
				CLANG_ANALYZER_NONNULL = YES;
				CLANG_CXX_LANGUAGE_STANDARD = "gnu++0x";
				CLANG_CXX_LIBRARY = "libc++";
				CLANG_ENABLE_MODULES = YES;
				CLANG_ENABLE_OBJC_ARC = YES;
				CLANG_WARN_BOOL_CONVERSION = YES;
				CLANG_WARN_CONSTANT_CONVERSION = YES;
				CLANG_WARN_DIRECT_OBJC_ISA_USAGE = YES_ERROR;
				CLANG_WARN_EMPTY_BODY = YES;
				CLANG_WARN_ENUM_CONVERSION = YES;
				CLANG_WARN_INT_CONVERSION = YES;
				CLANG_WARN_OBJC_ROOT_CLASS = YES_ERROR;
				CLANG_WARN_UNREACHABLE_CODE = YES;
				CLANG_WARN__DUPLICATE_METHOD_MATCH = YES;
				"CODE_SIGN_IDENTITY[sdk=iphoneos*]" = "iPhone Developer";
				COPY_PHASE_STRIP = NO;
				DEBUG_INFORMATION_FORMAT = dwarf;
				ENABLE_STRICT_OBJC_MSGSEND = YES;
				ENABLE_TESTABILITY = YES;
				GCC_C_LANGUAGE_STANDARD = gnu99;
				GCC_DYNAMIC_NO_PIC = NO;
				GCC_NO_COMMON_BLOCKS = YES;
				GCC_OPTIMIZATION_LEVEL = 0;
				GCC_PREPROCESSOR_DEFINITIONS = (
					"DEBUG=1",
					"$(inherited)",
				);
				GCC_WARN_64_TO_32_BIT_CONVERSION = YES;
				GCC_WARN_ABOUT_RETURN_TYPE = YES_ERROR;
				GCC_WARN_UNDECLARED_SELECTOR = YES;
				GCC_WARN_UNINITIALIZED_AUTOS = YES_AGGRESSIVE;
				GCC_WARN_UNUSED_FUNCTION = YES;
				GCC_WARN_UNUSED_VARIABLE = YES;
				IPHONEOS_DEPLOYMENT_TARGET = 9.3;
				MTL_ENABLE_DEBUG_INFO = YES;
				ONLY_ACTIVE_ARCH = YES;
				SDKROOT = iphoneos;
			};
			name = Debug;
		};
		19103DA11CB122420076FBEE /* Release */ = {
			isa = XCBuildConfiguration;
			buildSettings = {
				ALWAYS_SEARCH_USER_PATHS = NO;
				CLANG_ANALYZER_NONNULL = YES;
				CLANG_CXX_LANGUAGE_STANDARD = "gnu++0x";
				CLANG_CXX_LIBRARY = "libc++";
				CLANG_ENABLE_MODULES = YES;
				CLANG_ENABLE_OBJC_ARC = YES;
				CLANG_WARN_BOOL_CONVERSION = YES;
				CLANG_WARN_CONSTANT_CONVERSION = YES;
				CLANG_WARN_DIRECT_OBJC_ISA_USAGE = YES_ERROR;
				CLANG_WARN_EMPTY_BODY = YES;
				CLANG_WARN_ENUM_CONVERSION = YES;
				CLANG_WARN_INT_CONVERSION = YES;
				CLANG_WARN_OBJC_ROOT_CLASS = YES_ERROR;
				CLANG_WARN_UNREACHABLE_CODE = YES;
				CLANG_WARN__DUPLICATE_METHOD_MATCH = YES;
				"CODE_SIGN_IDENTITY[sdk=iphoneos*]" = "iPhone Developer";
				COPY_PHASE_STRIP = NO;
				DEBUG_INFORMATION_FORMAT = "dwarf-with-dsym";
				ENABLE_NS_ASSERTIONS = NO;
				ENABLE_STRICT_OBJC_MSGSEND = YES;
				GCC_C_LANGUAGE_STANDARD = gnu99;
				GCC_NO_COMMON_BLOCKS = YES;
				GCC_WARN_64_TO_32_BIT_CONVERSION = YES;
				GCC_WARN_ABOUT_RETURN_TYPE = YES_ERROR;
				GCC_WARN_UNDECLARED_SELECTOR = YES;
				GCC_WARN_UNINITIALIZED_AUTOS = YES_AGGRESSIVE;
				GCC_WARN_UNUSED_FUNCTION = YES;
				GCC_WARN_UNUSED_VARIABLE = YES;
				IPHONEOS_DEPLOYMENT_TARGET = 9.3;
				MTL_ENABLE_DEBUG_INFO = NO;
				SDKROOT = iphoneos;
				VALIDATE_PRODUCT = YES;
			};
			name = Release;
		};
		19103DA31CB122420076FBEE /* Debug */ = {
			isa = XCBuildConfiguration;
			buildSettings = {
				ASSETCATALOG_COMPILER_APPICON_NAME = AppIcon;
				INFOPLIST_FILE = animation/Info.plist;
				LD_RUNPATH_SEARCH_PATHS = "$(inherited) @executable_path/Frameworks";
				PRODUCT_BUNDLE_IDENTIFIER = test.animation;
				PRODUCT_NAME = "$(TARGET_NAME)";
			};
			name = Debug;
		};
		19103DA41CB122420076FBEE /* Release */ = {
			isa = XCBuildConfiguration;
			buildSettings = {
				ASSETCATALOG_COMPILER_APPICON_NAME = AppIcon;
				INFOPLIST_FILE = animation/Info.plist;
				LD_RUNPATH_SEARCH_PATHS = "$(inherited) @executable_path/Frameworks";
				PRODUCT_BUNDLE_IDENTIFIER = test.animation;
				PRODUCT_NAME = "$(TARGET_NAME)";
			};
			name = Release;
		};
		19103DD21CB123C10076FBEE /* Debug */ = {
			isa = XCBuildConfiguration;
			buildSettings = {
				INFOPLIST_FILE = today/Info.plist;
				LD_RUNPATH_SEARCH_PATHS = "$(inherited) @executable_path/Frameworks @executable_path/../../Frameworks";
				PRODUCT_BUNDLE_IDENTIFIER = test.animation.today;
				PRODUCT_NAME = "$(TARGET_NAME)";
				SKIP_INSTALL = YES;
			};
			name = Debug;
		};
		19103DD31CB123C10076FBEE /* Release */ = {
			isa = XCBuildConfiguration;
			buildSettings = {
				INFOPLIST_FILE = today/Info.plist;
				LD_RUNPATH_SEARCH_PATHS = "$(inherited) @executable_path/Frameworks @executable_path/../../Frameworks";
				PRODUCT_BUNDLE_IDENTIFIER = test.animation.today;
				PRODUCT_NAME = "$(TARGET_NAME)";
				SKIP_INSTALL = YES;
			};
			name = Release;
		};
/* End XCBuildConfiguration section */

/* Begin XCConfigurationList section */
		19103D831CB122420076FBEE /* Build configuration list for PBXProject "animation" */ = {
			isa = XCConfigurationList;
			buildConfigurations = (
				19103DA01CB122420076FBEE /* Debug */,
				19103DA11CB122420076FBEE /* Release */,
			);
			defaultConfigurationIsVisible = 0;
			defaultConfigurationName = Release;
		};
		19103DA21CB122420076FBEE /* Build configuration list for PBXNativeTarget "animation" */ = {
			isa = XCConfigurationList;
			buildConfigurations = (
				19103DA31CB122420076FBEE /* Debug */,
				19103DA41CB122420076FBEE /* Release */,
			);
			defaultConfigurationIsVisible = 0;
		};
		19103DD11CB123C10076FBEE /* Build configuration list for PBXNativeTarget "today" */ = {
			isa = XCConfigurationList;
			buildConfigurations = (
				19103DD21CB123C10076FBEE /* Debug */,
				19103DD31CB123C10076FBEE /* Release */,
			);
			defaultConfigurationIsVisible = 0;
		};
/* End XCConfigurationList section */
	};
	rootObject = 19103D801CB122420076FBEE /* Project object */;
}
